
Microsoft Visual Studio Solution File, Format Version 12.00
# Visual Studio Version 16
VisualStudioVersion = 16.0.30523.141
MinimumVisualStudioVersion = 10.0.40219.1
Project("{FAE04EC0-301F-11D3-BF4B-00C04F79EFBC}") = "MadeUpQuotes.Web", "MadeUpQuotes.Web\MadeUpQuotes.Web.csproj", "{EBA1BF59-9255-452B-A3F9-8C692DA05E7D}"
EndProject
Global
	GlobalSection(SolutionConfigurationPlatforms) = preSolution
		Debug|Any CPU = Debug|Any CPU
		Release|Any CPU = Release|Any CPU
	EndGlobalSection
	GlobalSection(ProjectConfigurationPlatforms) = postSolution
		{EBA1BF59-9255-452B-A3F9-8C692DA05E7D}.Debug|Any CPU.ActiveCfg = Debug|Any CPU
		{EBA1BF59-9255-452B-A3F9-8C692DA05E7D}.Debug|Any CPU.Build.0 = Debug|Any CPU
		{EBA1BF59-9255-452B-A3F9-8C692DA05E7D}.Release|Any CPU.ActiveCfg = Release|Any CPU
		{EBA1BF59-9255-452B-A3F9-8C692DA05E7D}.Release|Any CPU.Build.0 = Release|Any CPU
	EndGlobalSection
	GlobalSection(SolutionProperties) = preSolution
		HideSolutionNode = FALSE
	EndGlobalSection
	GlobalSection(ExtensibilityGlobals) = postSolution
		SolutionGuid = {CAA70C79-50B9-4669-AFD1-3E2F560BAE25}
	EndGlobalSection
EndGlobal
